<Project xmlns="http://schemas.microsoft.com/developer/msbuild/2003">
    <PropertyGroup>
        <ProjectGuid>{8672FB4C-0B56-45EB-82A3-23CE94B6F9DD}</ProjectGuid>
        <ProjectVersion>15.4</ProjectVersion>
        <FrameworkType>VCL</FrameworkType>
        <MainSource>TradeFlowers.dpr</MainSource>
        <Base>True</Base>
        <Config Condition="'$(Config)'==''">Debug</Config>
        <Platform Condition="'$(Platform)'==''">Win32</Platform>
        <TargetedPlatforms>1</TargetedPlatforms>
        <AppType>Application</AppType>
    </PropertyGroup>
    <PropertyGroup Condition="'$(Config)'=='Base' or '$(Base)'!=''">
        <Base>true</Base>
    </PropertyGroup>
    <PropertyGroup Condition="('$(Platform)'=='Win32' and '$(Base)'=='true') or '$(Base_Win32)'!=''">
        <Base_Win32>true</Base_Win32>
        <CfgParent>Base</CfgParent>
        <Base>true</Base>
    </PropertyGroup>
    <PropertyGroup Condition="('$(Platform)'=='Win64' and '$(Base)'=='true') or '$(Base_Win64)'!=''">
        <Base_Win64>true</Base_Win64>
        <CfgParent>Base</CfgParent>
        <Base>true</Base>
    </PropertyGroup>
    <PropertyGroup Condition="'$(Config)'=='Debug' or '$(Cfg_1)'!=''">
        <Cfg_1>true</Cfg_1>
        <CfgParent>Base</CfgParent>
        <Base>true</Base>
    </PropertyGroup>
    <PropertyGroup Condition="('$(Platform)'=='Win32' and '$(Cfg_1)'=='true') or '$(Cfg_1_Win32)'!=''">
        <Cfg_1_Win32>true</Cfg_1_Win32>
        <CfgParent>Cfg_1</CfgParent>
        <Cfg_1>true</Cfg_1>
        <Base>true</Base>
    </PropertyGroup>
    <PropertyGroup Condition="'$(Config)'=='Release' or '$(Cfg_2)'!=''">
        <Cfg_2>true</Cfg_2>
        <CfgParent>Base</CfgParent>
        <Base>true</Base>
    </PropertyGroup>
    <PropertyGroup Condition="'$(Base)'!=''">
        <DCC_OutputXMLDocumentation>true</DCC_OutputXMLDocumentation>
        <Manifest_File>$(BDS)\bin\default_app.manifest</Manifest_File>
        <DCC_Namespace>System;Xml;Data;Datasnap;Web;Soap;Vcl;Vcl.Imaging;Vcl.Touch;Vcl.Samples;Vcl.Shell;$(DCC_Namespace)</DCC_Namespace>
        <Icon_MainIcon>$(BDS)\bin\delphi_PROJECTICON.ico</Icon_MainIcon>
        <SanitizedProjectName>TradeFlowers</SanitizedProjectName>
        <VerInfo_Locale>1049</VerInfo_Locale>
        <VerInfo_Keys>CompanyName=;FileDescription=;FileVersion=1.0.0.0;InternalName=;LegalCopyright=;LegalTrademarks=;OriginalFilename=;ProductName=;ProductVersion=1.0.0.0;Comments=</VerInfo_Keys>
        <DCC_DcuOutput>..\dcu</DCC_DcuOutput>
        <DCC_ExeOutput>..\bin</DCC_ExeOutput>
        <DCC_E>false</DCC_E>
        <DCC_N>false</DCC_N>
        <DCC_S>false</DCC_S>
        <DCC_F>false</DCC_F>
        <DCC_K>false</DCC_K>
    </PropertyGroup>
    <PropertyGroup Condition="'$(Base_Win32)'!=''">
        <DCC_Namespace>Winapi;System.Win;Data.Win;Datasnap.Win;Web.Win;Soap.Win;Xml.Win;Bde;$(DCC_Namespace)</DCC_Namespace>
        <Manifest_File>$(BDS)\bin\default_app.manifest</Manifest_File>
        <DCC_UsePackage>frxADO20;frxe20;dxBarExtItemsRS20;cxTreeListRS20;dxSpellCheckerRS20;cxGridRS20;TeeGL920;dxPSdxLCLnkRS20;dxdbtrRS20;acntDelphiXE6_R;FireDACSqliteDriver;FireDACDSDriver;cxPageControlRS20;DBXSqliteDriver;FireDACPgDriver;TeeLanguage920;fmx;AlphaDBDelphiXE6;IndySystem;tethering;inetdbbde;vclib;DBXInterBaseDriver;DataSnapClient;DataSnapServer;DataSnapCommon;TeeDB920;dxTabbedMDIRS20;dxmdsRS20;dxSkinsdxBarPainterRS20;DataSnapProviderClient;TeeUI920;DBXSybaseASEDriver;dxdborRS20;DbxCommonDriver;dxLayoutControlRS20;vclimg;FmxTeeUI920;dxSkinsdxNavBarPainterRS20;dbxcds;fsBDE20;DatasnapConnectorsFreePascal;MetropolisUILiveTile;FMXTee920;dxPSCoreRS20;vcldb;vcldsnap;EhLibADODataDrivers200;fmxFireDAC;cxPivotGridChartRS20;DBXDb2Driver;dacvcl200;DBXOracleDriver;CustomIPTransport;dcldxSkinsCoreRS20;vclribbon;cxExportRS20;dsnap;IndyIPServer;FMXTeeLanguage920;dxServerModeRS20;fmxase;vcl;IndyCore;dxSkinscxSchedulerPainterRS20;dxComnRS20;DBXMSSQLDriver;IndyIPCommon;CloudService;CodeSiteExpressPkg;FireDACIBDriver;TeeImage920;dxFlowChartRS20;cxTreeListdxBarPopupMenuRS20;DataSnapFireDAC;FireDACDBXDriver;dxBarExtDBItemsRS20;dxSkinsdxDLPainterRS20;soapserver;tmsxlsdXE6;EhLibBDEDataDrivers200;inetdbxpress;fsTee20;frxTee20;dxtrmdRS20;dsnapxml;cxSchedulerGridRS20;FireDACInfxDriver;FireDACDb2Driver;cxPivotGridRS20;tmsdXE6;EhLib200;EhLibIBXDataDrivers200;adortl;FMXTeePro920;frxDB20;TeePro920;dxRibbonRS20;FireDACASADriver;cxPivotGridOLAPRS20;TeeTree2D20Tee9;bindcompfmx;frx20;fsADO20;vcldbx;dxBarDBNavRS20;FireDACODBCDriver;RESTBackendComponents;dxSkinscxPCPainterRS20;rtl;dbrtl;DbxClientDriver;FireDACCommon;bindcomp;inetdb;dxNavBarRS20;dxDockingRS20;dac200;DBXOdbcDriver;dxSkinsdxRibbonPainterRS20;vclFireDAC;xmlrtl;DataSnapNativeClient;svnui;ibxpress;Tee920;IndyProtocols;DBXMySQLDriver;FMXTeeDB920;FireDACCommonDriver;tmswizdXE6;bindengine;vclactnband;bindcompdbx;soaprtl;dxGDIPlusRS20;bindcompvcl;unidacvcl200;vclie;cxVerticalGridRS20;FireDACADSDriver;vcltouch;cxSchedulerRS20;cxEditorsRS20;unidac200;dxorgcRS20;VclSmp;FireDACMSSQLDriver;FireDAC;DBXInformixDriver;Intraweb;VCLRESTComponents;TeeWorld920;DataSnapConnectors;cxBarEditItemRS20;DataSnapServerMidas;dxSkinsCoreRS20;dsnapcon;DBXFirebirdDriver;fsDB20;inet;cxLibraryRS20;fmxobj;cxDataRS20;dxBarRS20;FireDACMySQLDriver;soapmidas;vclx;tmsexdXE6;fs20;svn;DBXSybaseASADriver;dxCoreRS20;FireDACOracleDriver;fmxdae;RESTComponents;bdertl;dxThemeRS20;EhLibDBXDataDrivers200;FireDACMSAccDriver;dbexpress;DataSnapIndy10ServerTransport;IndyIPClient;$(DCC_UsePackage)</DCC_UsePackage>
        <VerInfo_Keys>CompanyName=;FileDescription=;FileVersion=1.0.0.0;InternalName=;LegalCopyright=;LegalTrademarks=;OriginalFilename=;ProductName=;ProductVersion=1.0.0.0;Comments=</VerInfo_Keys>
        <VerInfo_IncludeVerInfo>true</VerInfo_IncludeVerInfo>
        <VerInfo_Locale>1033</VerInfo_Locale>
    </PropertyGroup>
    <PropertyGroup Condition="'$(Base_Win64)'!=''">
        <DCC_UsePackage>dxBarExtItemsRS20;cxTreeListRS20;dxSpellCheckerRS20;cxGridRS20;dxPSdxLCLnkRS20;dxdbtrRS20;acntDelphiXE6_R;FireDACSqliteDriver;FireDACDSDriver;cxPageControlRS20;DBXSqliteDriver;FireDACPgDriver;fmx;IndySystem;tethering;vclib;DBXInterBaseDriver;DataSnapClient;DataSnapServer;DataSnapCommon;dxTabbedMDIRS20;dxmdsRS20;dxSkinsdxBarPainterRS20;DataSnapProviderClient;DBXSybaseASEDriver;dxdborRS20;DbxCommonDriver;dxLayoutControlRS20;vclimg;dxSkinsdxNavBarPainterRS20;dbxcds;DatasnapConnectorsFreePascal;MetropolisUILiveTile;dxPSCoreRS20;vcldb;vcldsnap;fmxFireDAC;cxPivotGridChartRS20;DBXDb2Driver;DBXOracleDriver;CustomIPTransport;dcldxSkinsCoreRS20;vclribbon;cxExportRS20;dsnap;IndyIPServer;dxServerModeRS20;fmxase;vcl;IndyCore;dxSkinscxSchedulerPainterRS20;dxComnRS20;DBXMSSQLDriver;IndyIPCommon;CloudService;FireDACIBDriver;dxFlowChartRS20;cxTreeListdxBarPopupMenuRS20;DataSnapFireDAC;FireDACDBXDriver;dxBarExtDBItemsRS20;dxSkinsdxDLPainterRS20;soapserver;tmsxlsdXE6;inetdbxpress;dxtrmdRS20;dsnapxml;cxSchedulerGridRS20;FireDACInfxDriver;FireDACDb2Driver;cxPivotGridRS20;tmsdXE6;adortl;dxRibbonRS20;FireDACASADriver;cxPivotGridOLAPRS20;bindcompfmx;dxBarDBNavRS20;FireDACODBCDriver;RESTBackendComponents;dxSkinscxPCPainterRS20;rtl;dbrtl;DbxClientDriver;FireDACCommon;bindcomp;inetdb;dxNavBarRS20;dxDockingRS20;DBXOdbcDriver;dxSkinsdxRibbonPainterRS20;vclFireDAC;xmlrtl;DataSnapNativeClient;ibxpress;IndyProtocols;DBXMySQLDriver;FireDACCommonDriver;bindengine;vclactnband;bindcompdbx;soaprtl;dxGDIPlusRS20;bindcompvcl;vclie;cxVerticalGridRS20;FireDACADSDriver;vcltouch;cxSchedulerRS20;cxEditorsRS20;dxorgcRS20;VclSmp;FireDACMSSQLDriver;FireDAC;DBXInformixDriver;Intraweb;VCLRESTComponents;DataSnapConnectors;cxBarEditItemRS20;DataSnapServerMidas;dxSkinsCoreRS20;dsnapcon;DBXFirebirdDriver;inet;cxLibraryRS20;fmxobj;cxDataRS20;dxBarRS20;FireDACMySQLDriver;soapmidas;vclx;tmsexdXE6;DBXSybaseASADriver;dxCoreRS20;FireDACOracleDriver;fmxdae;RESTComponents;dxThemeRS20;FireDACMSAccDriver;dbexpress;DataSnapIndy10ServerTransport;IndyIPClient;$(DCC_UsePackage)</DCC_UsePackage>
    </PropertyGroup>
    <PropertyGroup Condition="'$(Cfg_1)'!=''">
        <DCC_Define>DEBUG;$(DCC_Define)</DCC_Define>
        <DCC_DebugDCUs>true</DCC_DebugDCUs>
        <DCC_Optimize>false</DCC_Optimize>
        <DCC_GenerateStackFrames>true</DCC_GenerateStackFrames>
        <DCC_DebugInfoInExe>true</DCC_DebugInfoInExe>
        <DCC_RemoteDebug>true</DCC_RemoteDebug>
    </PropertyGroup>
    <PropertyGroup Condition="'$(Cfg_1_Win32)'!=''">
        <VerInfo_Locale>1033</VerInfo_Locale>
        <VerInfo_IncludeVerInfo>true</VerInfo_IncludeVerInfo>
        <DCC_RemoteDebug>false</DCC_RemoteDebug>
    </PropertyGroup>
    <PropertyGroup Condition="'$(Cfg_2)'!=''">
        <DCC_LocalDebugSymbols>false</DCC_LocalDebugSymbols>
        <DCC_Define>RELEASE;$(DCC_Define)</DCC_Define>
        <DCC_SymbolReferenceInfo>0</DCC_SymbolReferenceInfo>
        <DCC_DebugInformation>0</DCC_DebugInformation>
    </PropertyGroup>
    <ItemGroup>
        <DelphiCompile Include="$(MainSource)">
            <MainSource>MainSource</MainSource>
        </DelphiCompile>
        <DCCReference Include="..\pas\UMain.pas">
            <Form>frmMain</Form>
            <FormType>dfm</FormType>
        </DCCReference>
        <DCCReference Include="..\pas\Controller\UFuncAndProc.pas"/>
        <DCCReference Include="..\pas\View\Dictonary\Products\UProductEdit.pas">
            <Form>frmProductEdit</Form>
            <FormType>dfm</FormType>
        </DCCReference>
        <DCCReference Include="..\pas\Model\UCategory.pas"/>
        <DCCReference Include="..\pas\View\Dictonary\Products\UCategoryEdit.pas">
            <Form>frmCategoryEdit</Form>
            <FormType>dfm</FormType>
        </DCCReference>
        <DCCReference Include="..\pas\View\Dictonary\Products\UPropEdit.pas">
            <Form>frmPropEdit</Form>
            <FormType>dfm</FormType>
        </DCCReference>
        <DCCReference Include="..\pas\View\Dictonary\Products\UFrameProduct.pas">
            <Form>frameProduct</Form>
            <FormType>dfm</FormType>
            <DesignClass>TFrame</DesignClass>
        </DCCReference>
        <DCCReference Include="..\pas\UDmMain.pas">
            <Form>DMMain</Form>
            <FormType>dfm</FormType>
            <DesignClass>TDataModule</DesignClass>
        </DCCReference>
        <DCCReference Include="..\pas\View\Dictonary\Products\UProduct.pas">
            <Form>frmProduct</Form>
            <FormType>dfm</FormType>
        </DCCReference>
        <DCCReference Include="..\pas\Model\UProps.pas"/>
        <DCCReference Include="..\pas\Controller\UPropController.pas"/>
        <DCCReference Include="..\pas\View\Dictonary\Products\UfrmProps.pas">
            <Form>frmProps</Form>
            <FormType>dfm</FormType>
        </DCCReference>
        <DCCReference Include="..\pas\View\Dictonary\Products\UFrameProps.pas">
            <Form>frameProps</Form>
            <FormType>dfm</FormType>
            <DesignClass>TFrame</DesignClass>
        </DCCReference>
        <DCCReference Include="..\pas\View\Dictonary\Products\UfrmPropEdit.pas">
            <Form>frmPropEditDict</Form>
            <FormType>dfm</FormType>
        </DCCReference>
        <DCCReference Include="..\pas\UFrameTopPanelMain.pas">
            <Form>frameTopPanelMain</Form>
            <FormType>dfm</FormType>
            <DesignClass>TFrame</DesignClass>
        </DCCReference>
        <DCCReference Include="..\pas\Model\UProductModel.pas"/>
        <DCCReference Include="..\pas\Controller\UCategoruController.pas"/>
        <DCCReference Include="..\pas\UfrmSelect.pas">
            <Form>frmSelect</Form>
            <FormType>dfm</FormType>
        </DCCReference>
        <BuildConfiguration Include="Release">
            <Key>Cfg_2</Key>
            <CfgParent>Base</CfgParent>
        </BuildConfiguration>
        <BuildConfiguration Include="Base">
            <Key>Base</Key>
        </BuildConfiguration>
        <BuildConfiguration Include="Debug">
            <Key>Cfg_1</Key>
            <CfgParent>Base</CfgParent>
        </BuildConfiguration>
    </ItemGroup>
    <ProjectExtensions>
        <Borland.Personality>Delphi.Personality.12</Borland.Personality>
        <Borland.ProjectType/>
        <BorlandProject>
            <Delphi.Personality>
                <Source>
                    <Source Name="MainSource">TradeFlowers.dpr</Source>
                </Source>
                <Excluded_Packages>
                    <Excluded_Packages Name="$(BDSBIN)\dcloffice2k200.bpl">Microsoft Office 2000 Sample Automation Server Wrapper Components</Excluded_Packages>
                    <Excluded_Packages Name="$(BDSBIN)\dclofficexp200.bpl">Microsoft Office XP Sample Automation Server Wrapper Components</Excluded_Packages>
                </Excluded_Packages>
            </Delphi.Personality>
            <Deployment/>
            <Platforms>
                <Platform value="Win32">True</Platform>
                <Platform value="Win64">False</Platform>
            </Platforms>
        </BorlandProject>
        <ProjectFileVersion>12</ProjectFileVersion>
    </ProjectExtensions>
    <Import Project="$(BDS)\Bin\CodeGear.Delphi.Targets" Condition="Exists('$(BDS)\Bin\CodeGear.Delphi.Targets')"/>
    <Import Project="$(APPDATA)\Embarcadero\$(BDSAPPDATABASEDIR)\$(PRODUCTVERSION)\UserTools.proj" Condition="Exists('$(APPDATA)\Embarcadero\$(BDSAPPDATABASEDIR)\$(PRODUCTVERSION)\UserTools.proj')"/>
</Project>
